
Microsoft Visual Studio Solution File, Format Version 12.00
# Visual Studio Version 16
VisualStudioVersion = 16.0.28729.10
MinimumVisualStudioVersion = 10.0.40219.1
Project("{FAE04EC0-301F-11D3-BF4B-00C04F79EFBC}") = "MyContact", "MyContact\MyContact.csproj", "{31FABB21-7D83-4F5B-A86F-3D900F5C38A6}"
EndProject
Global
	GlobalSection(SolutionConfigurationPlatforms) = preSolution
		Debug|Any CPU = Debug|Any CPU
		Release|Any CPU = Release|Any CPU
	EndGlobalSection
	GlobalSection(ProjectConfigurationPlatforms) = postSolution
		{31FABB21-7D83-4F5B-A86F-3D900F5C38A6}.Debug|Any CPU.ActiveCfg = Debug|Any CPU
		{31FABB21-7D83-4F5B-A86F-3D900F5C38A6}.Debug|Any CPU.Build.0 = Debug|Any CPU
		{31FABB21-7D83-4F5B-A86F-3D900F5C38A6}.Release|Any CPU.ActiveCfg = Release|Any CPU
		{31FABB21-7D83-4F5B-A86F-3D900F5C38A6}.Release|Any CPU.Build.0 = Release|Any CPU
	EndGlobalSection
	GlobalSection(SolutionProperties) = preSolution
		HideSolutionNode = FALSE
	EndGlobalSection
	GlobalSection(ExtensibilityGlobals) = postSolution
		SolutionGuid = {0F42156B-6BE6-4945-96A2-BC6B3C0034F4}
	EndGlobalSection
EndGlobal
